<?xml version="1.0" encoding="utf-8"?>
<Project ToolsVersion="4.0" xmlns="http://schemas.microsoft.com/developer/msbuild/2003">
  <ItemGroup>
    <Filter Include="소스 파일">
      <UniqueIdentifier>{4FC737F1-C7A5-4376-A066-2A32D752A2FF}</UniqueIdentifier>
      <Extensions>cpp;c;cc;cxx;def;odl;idl;hpj;bat;asm;asmx</Extensions>
    </Filter>
    <Filter Include="헤더 파일">
      <UniqueIdentifier>{93995380-89BD-4b04-88EB-625FBE52EBFB}</UniqueIdentifier>
      <Extensions>h;hh;hpp;hxx;hm;inl;inc;xsd</Extensions>
    </Filter>
    <Filter Include="리소스 파일">
      <UniqueIdentifier>{67DA6AB6-F800-4c08-8B7A-83BB121AAD01}</UniqueIdentifier>
      <Extensions>rc;ico;cur;bmp;dlg;rc2;rct;bin;rgs;gif;jpg;jpeg;jpe;resx;tiff;tif;png;wav;mfcribbon-ms</Extensions>
    </Filter>
    <Filter Include="소스 파일\Server">
      <UniqueIdentifier>{8be52957-64c1-42c5-9c24-7c09fbf7e0c2}</UniqueIdentifier>
    </Filter>
    <Filter Include="소스 파일\pch">
      <UniqueIdentifier>{ee39cb78-bf61-4a7f-a6d0-65ce530b3b9a}</UniqueIdentifier>
    </Filter>
    <Filter Include="소스 파일\Object">
      <UniqueIdentifier>{b62e177c-bc0e-4d8c-98dd-fe0d1d7254cf}</UniqueIdentifier>
    </Filter>
    <Filter Include="소스 파일\Object\Unit">
      <UniqueIdentifier>{77473cce-1518-4868-961a-90c05f6fd98b}</UniqueIdentifier>
    </Filter>
    <Filter Include="소스 파일\Object\Unit\Agent">
      <UniqueIdentifier>{c9c11656-b925-44e4-8f76-fe16e6e5fe0a}</UniqueIdentifier>
    </Filter>
  </ItemGroup>
  <ItemGroup>
    <ClInclude Include="targetver.h">
      <Filter>헤더 파일</Filter>
    </ClInclude>
    <ClInclude Include="NGPmsg.h">
      <Filter>헤더 파일</Filter>
    </ClInclude>
    <ClInclude Include="Server\AgentServer.h">
      <Filter>소스 파일\Server</Filter>
    </ClInclude>
    <ClInclude Include="Server\NGPmsg.h">
      <Filter>소스 파일\Server</Filter>
    </ClInclude>
    <ClInclude Include="Server\Server.h">
      <Filter>소스 파일\Server</Filter>
    </ClInclude>
    <ClInclude Include="Object\Unit\Agent\Agent.h">
      <Filter>소스 파일\Object\Unit\Agent</Filter>
    </ClInclude>
    <ClInclude Include="Object\Unit\Agent\AgentFSM.h">
      <Filter>소스 파일\Object\Unit\Agent</Filter>
    </ClInclude>
    <ClInclude Include="Object\Unit\Agent\State.h">
      <Filter>소스 파일\Object\Unit\Agent</Filter>
    </ClInclude>
    <ClInclude Include="Object\Unit\Agent\StateMachine.h">
      <Filter>소스 파일\Object\Unit\Agent</Filter>
    </ClInclude>
    <ClInclude Include="stdafx.h">
      <Filter>소스 파일\pch</Filter>
    </ClInclude>
    <ClInclude Include="D2D_Operator.h">
      <Filter>소스 파일\pch</Filter>
    </ClInclude>
    <ClInclude Include="SystemDefine.h">
      <Filter>소스 파일\pch</Filter>
    </ClInclude>
    <ClInclude Include="Object\Object.h">
      <Filter>소스 파일\Object</Filter>
    </ClInclude>
    <ClInclude Include="Object\Unit\Unit.h">
      <Filter>소스 파일\Object\Unit</Filter>
    </ClInclude>
  </ItemGroup>
  <ItemGroup>
    <ClCompile Include="NGPAgentServer.cpp">
      <Filter>소스 파일</Filter>
    </ClCompile>
    <ClCompile Include="Server\AgentServer.cpp">
      <Filter>소스 파일\Server</Filter>
    </ClCompile>
    <ClCompile Include="Server\Server.cpp">
      <Filter>소스 파일\Server</Filter>
    </ClCompile>
    <ClCompile Include="Object\Unit\Agent\Agent.cpp">
      <Filter>소스 파일\Object\Unit\Agent</Filter>
    </ClCompile>
    <ClCompile Include="Object\Unit\Agent\AgentFSM.cpp">
      <Filter>소스 파일\Object\Unit\Agent</Filter>
    </ClCompile>
    <ClCompile Include="stdafx.cpp">
      <Filter>소스 파일\pch</Filter>
    </ClCompile>
    <ClCompile Include="Object\Object.cpp">
      <Filter>소스 파일\Object</Filter>
    </ClCompile>
    <ClCompile Include="Object\Unit\Unit.cpp">
      <Filter>소스 파일\Object\Unit</Filter>
    </ClCompile>
  </ItemGroup>
  <ItemGroup>
    <Text Include="map.txt">
      <Filter>헤더 파일</Filter>
    </Text>
  </ItemGroup>
</Project>