<?xml version="1.0" encoding="utf-8"?>
<Project ToolsVersion="4.0" xmlns="http://schemas.microsoft.com/developer/msbuild/2003">
  <ItemGroup>
    <Filter Include="소스 파일">
      <UniqueIdentifier>{4FC737F1-C7A5-4376-A066-2A32D752A2FF}</UniqueIdentifier>
      <Extensions>cpp;c;cc;cxx;def;odl;idl;hpj;bat;asm;asmx</Extensions>
    </Filter>
    <Filter Include="헤더 파일">
      <UniqueIdentifier>{93995380-89BD-4b04-88EB-625FBE52EBFB}</UniqueIdentifier>
      <Extensions>h;hh;hpp;hxx;hm;inl;inc;xsd</Extensions>
    </Filter>
    <Filter Include="리소스 파일">
      <UniqueIdentifier>{67DA6AB6-F800-4c08-8B7A-83BB121AAD01}</UniqueIdentifier>
      <Extensions>rc;ico;cur;bmp;dlg;rc2;rct;bin;rgs;gif;jpg;jpeg;jpe;resx;tiff;tif;png;wav;mfcribbon-ms</Extensions>
    </Filter>
    <Filter Include="소스 파일\Server">
      <UniqueIdentifier>{8be52957-64c1-42c5-9c24-7c09fbf7e0c2}</UniqueIdentifier>
    </Filter>
    <Filter Include="소스 파일\pch">
      <UniqueIdentifier>{ee39cb78-bf61-4a7f-a6d0-65ce530b3b9a}</UniqueIdentifier>
    </Filter>
    <Filter Include="소스 파일\Object">
      <UniqueIdentifier>{b62e177c-bc0e-4d8c-98dd-fe0d1d7254cf}</UniqueIdentifier>
    </Filter>
    <Filter Include="소스 파일\Object\Unit">
      <UniqueIdentifier>{77473cce-1518-4868-961a-90c05f6fd98b}</UniqueIdentifier>
    </Filter>
    <Filter Include="소스 파일\Object\Unit\Agent">
      <UniqueIdentifier>{c9c11656-b925-44e4-8f76-fe16e6e5fe0a}</UniqueIdentifier>
    </Filter>
    <Filter Include="소스 파일\GameWorld">
      <UniqueIdentifier>{bef15ad1-57ae-4df8-8970-df4b44528e69}</UniqueIdentifier>
    </Filter>
    <Filter Include="소스 파일\GameWorld\Timer">
      <UniqueIdentifier>{6d680908-5d77-4125-aa69-831c749dfa8f}</UniqueIdentifier>
    </Filter>
    <Filter Include="소스 파일\Scene">
      <UniqueIdentifier>{3701e909-368f-4e87-902e-fb6052986944}</UniqueIdentifier>
    </Filter>
    <Filter Include="소스 파일\Scene\Main">
      <UniqueIdentifier>{33b76384-3c9a-4358-8c74-85099fa03bd4}</UniqueIdentifier>
    </Filter>
    <Filter Include="소스 파일\Object\Brick">
      <UniqueIdentifier>{57779dfc-0ece-4a32-ac8a-733ce83bb2f5}</UniqueIdentifier>
    </Filter>
    <Filter Include="소스 파일\Object\Projectile">
      <UniqueIdentifier>{d40886c6-9307-4f9d-bccf-773573ef55f7}</UniqueIdentifier>
    </Filter>
    <Filter Include="소스 파일\Object\Projectile\Grenade">
      <UniqueIdentifier>{a54b6c65-79cf-4de0-866f-719be570b0d3}</UniqueIdentifier>
    </Filter>
    <Filter Include="소스 파일\Object\Unit\Player">
      <UniqueIdentifier>{c5f0cbef-272d-47ad-bd93-87810f3ffe2e}</UniqueIdentifier>
    </Filter>
    <Filter Include="소스 파일\Object\Unit\Agent\Turret">
      <UniqueIdentifier>{fc639d0b-4616-4180-a743-9a47c0e0271d}</UniqueIdentifier>
    </Filter>
  </ItemGroup>
  <ItemGroup>
    <ClInclude Include="targetver.h">
      <Filter>헤더 파일</Filter>
    </ClInclude>
    <ClInclude Include="Server\AgentServer.h">
      <Filter>소스 파일\Server</Filter>
    </ClInclude>
    <ClInclude Include="Server\NGPmsg.h">
      <Filter>소스 파일\Server</Filter>
    </ClInclude>
    <ClInclude Include="Server\Server.h">
      <Filter>소스 파일\Server</Filter>
    </ClInclude>
    <ClInclude Include="Object\Unit\Agent\Agent.h">
      <Filter>소스 파일\Object\Unit\Agent</Filter>
    </ClInclude>
    <ClInclude Include="Object\Unit\Agent\AgentFSM.h">
      <Filter>소스 파일\Object\Unit\Agent</Filter>
    </ClInclude>
    <ClInclude Include="Object\Unit\Agent\State.h">
      <Filter>소스 파일\Object\Unit\Agent</Filter>
    </ClInclude>
    <ClInclude Include="Object\Unit\Agent\StateMachine.h">
      <Filter>소스 파일\Object\Unit\Agent</Filter>
    </ClInclude>
    <ClInclude Include="stdafx.h">
      <Filter>소스 파일\pch</Filter>
    </ClInclude>
    <ClInclude Include="D2D_Operator.h">
      <Filter>소스 파일\pch</Filter>
    </ClInclude>
    <ClInclude Include="SystemDefine.h">
      <Filter>소스 파일\pch</Filter>
    </ClInclude>
    <ClInclude Include="Object\Object.h">
      <Filter>소스 파일\Object</Filter>
    </ClInclude>
    <ClInclude Include="Object\Unit\Unit.h">
      <Filter>소스 파일\Object\Unit</Filter>
    </ClInclude>
    <ClInclude Include="Scene\Scene.h">
      <Filter>소스 파일\Scene</Filter>
    </ClInclude>
    <ClInclude Include="Scene\Main\MainScene.h">
      <Filter>소스 파일\Scene\Main</Filter>
    </ClInclude>
    <ClInclude Include="GameWorld\Timer\Timer.h">
      <Filter>소스 파일\GameWorld\Timer</Filter>
    </ClInclude>
    <ClInclude Include="GameWorld\GameWorld.h">
      <Filter>소스 파일\GameWorld</Filter>
    </ClInclude>
    <ClInclude Include="Object\Brick\Brick.h">
      <Filter>소스 파일\Object\Brick</Filter>
    </ClInclude>
    <ClInclude Include="Object\Projectile\Projectile.h">
      <Filter>소스 파일\Object\Projectile</Filter>
    </ClInclude>
    <ClInclude Include="Object\Projectile\Grenade\Grenade.h">
      <Filter>소스 파일\Object\Projectile\Grenade</Filter>
    </ClInclude>
    <ClInclude Include="Object\Unit\Player\Player.h">
      <Filter>소스 파일\Object\Unit\Player</Filter>
    </ClInclude>
    <ClInclude Include="Object\Unit\Agent\Turret\Turret.h">
      <Filter>소스 파일\Object\Unit\Agent\Turret</Filter>
    </ClInclude>
  </ItemGroup>
  <ItemGroup>
    <ClCompile Include="NGPAgentServer.cpp">
      <Filter>소스 파일</Filter>
    </ClCompile>
    <ClCompile Include="Server\AgentServer.cpp">
      <Filter>소스 파일\Server</Filter>
    </ClCompile>
    <ClCompile Include="Server\Server.cpp">
      <Filter>소스 파일\Server</Filter>
    </ClCompile>
    <ClCompile Include="Object\Unit\Agent\Agent.cpp">
      <Filter>소스 파일\Object\Unit\Agent</Filter>
    </ClCompile>
    <ClCompile Include="Object\Unit\Agent\AgentFSM.cpp">
      <Filter>소스 파일\Object\Unit\Agent</Filter>
    </ClCompile>
    <ClCompile Include="stdafx.cpp">
      <Filter>소스 파일\pch</Filter>
    </ClCompile>
    <ClCompile Include="Object\Object.cpp">
      <Filter>소스 파일\Object</Filter>
    </ClCompile>
    <ClCompile Include="Object\Unit\Unit.cpp">
      <Filter>소스 파일\Object\Unit</Filter>
    </ClCompile>
    <ClCompile Include="Scene\Scene.cpp">
      <Filter>소스 파일\Scene</Filter>
    </ClCompile>
    <ClCompile Include="Scene\Main\MainScene.cpp">
      <Filter>소스 파일\Scene\Main</Filter>
    </ClCompile>
    <ClCompile Include="GameWorld\Timer\Timer.cpp">
      <Filter>소스 파일\GameWorld\Timer</Filter>
    </ClCompile>
    <ClCompile Include="GameWorld\GameWorld.cpp">
      <Filter>소스 파일\GameWorld</Filter>
    </ClCompile>
    <ClCompile Include="Object\Brick\Brick.cpp">
      <Filter>소스 파일\Object\Brick</Filter>
    </ClCompile>
    <ClCompile Include="Object\Projectile\Projectile.cpp">
      <Filter>소스 파일\Object\Projectile</Filter>
    </ClCompile>
    <ClCompile Include="Object\Projectile\Grenade\Grenade.cpp">
      <Filter>소스 파일\Object\Projectile\Grenade</Filter>
    </ClCompile>
    <ClCompile Include="Object\Unit\Player\Player.cpp">
      <Filter>소스 파일\Object\Unit\Player</Filter>
    </ClCompile>
    <ClCompile Include="Object\Unit\Agent\Turret\Turret.cpp">
      <Filter>소스 파일\Object\Unit\Agent\Turret</Filter>
    </ClCompile>
  </ItemGroup>
  <ItemGroup>
    <Text Include="map.txt">
      <Filter>헤더 파일</Filter>
    </Text>
  </ItemGroup>
</Project>