<?xml version="1.0" encoding="utf-8"?>
<Project ToolsVersion="4.0" xmlns="http://schemas.microsoft.com/developer/msbuild/2003">
  <ItemGroup>
    <Filter Include="소스 파일">
      <UniqueIdentifier>{4FC737F1-C7A5-4376-A066-2A32D752A2FF}</UniqueIdentifier>
      <Extensions>cpp;c;cc;cxx;def;odl;idl;hpj;bat;asm;asmx</Extensions>
    </Filter>
    <Filter Include="헤더 파일">
      <UniqueIdentifier>{93995380-89BD-4b04-88EB-625FBE52EBFB}</UniqueIdentifier>
      <Extensions>h;hh;hpp;hxx;hm;inl;inc;xsd</Extensions>
    </Filter>
    <Filter Include="리소스 파일">
      <UniqueIdentifier>{67DA6AB6-F800-4c08-8B7A-83BB121AAD01}</UniqueIdentifier>
      <Extensions>rc;ico;cur;bmp;dlg;rc2;rct;bin;rgs;gif;jpg;jpeg;jpe;resx;tiff;tif;png;wav;mfcribbon-ms</Extensions>
    </Filter>
    <Filter Include="Framework">
      <UniqueIdentifier>{f58dde3f-350e-479e-b239-da9bb3c36696}</UniqueIdentifier>
    </Filter>
    <Filter Include="pch">
      <UniqueIdentifier>{1c81c0f7-b4b9-4665-a884-c359c992e3a7}</UniqueIdentifier>
    </Filter>
    <Filter Include="Scene">
      <UniqueIdentifier>{2f719727-a00c-4130-818c-9ee2617661cf}</UniqueIdentifier>
    </Filter>
    <Filter Include="Framework\IndRes">
      <UniqueIdentifier>{80ab09b1-34f8-41a7-9a09-4660c84aafde}</UniqueIdentifier>
    </Filter>
    <Filter Include="Framework\Timer">
      <UniqueIdentifier>{92314c98-6708-438b-9e83-de3df90d46e5}</UniqueIdentifier>
    </Filter>
    <Filter Include="Camera">
      <UniqueIdentifier>{50248688-72a4-4456-a1c4-660c691fd23f}</UniqueIdentifier>
    </Filter>
    <Filter Include="Object">
      <UniqueIdentifier>{fc7a65a5-66cb-48af-9572-b096f209e414}</UniqueIdentifier>
    </Filter>
    <Filter Include="Object\Unit">
      <UniqueIdentifier>{712bb1ec-0362-4984-a2b3-bd5d96b53d4f}</UniqueIdentifier>
    </Filter>
    <Filter Include="Object\Unit\Player">
      <UniqueIdentifier>{1cb662fb-d9bc-4f2f-ac1f-a42ed3ef57f0}</UniqueIdentifier>
    </Filter>
    <Filter Include="Scene\Main">
      <UniqueIdentifier>{d4f8df80-95d7-4026-bf53-2a57c3d3b862}</UniqueIdentifier>
    </Filter>
    <Filter Include="Object\Brick">
      <UniqueIdentifier>{198bedeb-3331-48d8-8203-d2e2c03fb19a}</UniqueIdentifier>
    </Filter>
    <Filter Include="Framework\Client">
      <UniqueIdentifier>{2690d2e6-0761-4779-8458-8ae9918d5c73}</UniqueIdentifier>
    </Filter>
    <Filter Include="Object\Projectile">
      <UniqueIdentifier>{2f811c51-7d1f-4ef2-b0c1-825b8a9981ef}</UniqueIdentifier>
    </Filter>
    <Filter Include="Framework\ResourceManager">
      <UniqueIdentifier>{47ab9589-4869-4003-9240-9562e2fd5582}</UniqueIdentifier>
    </Filter>
    <Filter Include="Object\Projectile\Grenade">
      <UniqueIdentifier>{4fa88d74-d233-4a8e-89b3-48966016c70a}</UniqueIdentifier>
    </Filter>
    <Filter Include="Object\Effect">
      <UniqueIdentifier>{c535efd7-f836-4297-ad90-79dac10f8307}</UniqueIdentifier>
    </Filter>
    <Filter Include="Object\Unit\Agent">
      <UniqueIdentifier>{69d4a93e-3b45-4f5c-a75a-03d930fe469a}</UniqueIdentifier>
    </Filter>
    <Filter Include="Object\Unit\Agent\Turret">
      <UniqueIdentifier>{3a2ce24f-3bbc-4894-a2cf-e15d1bce3c52}</UniqueIdentifier>
    </Filter>
  </ItemGroup>
  <ItemGroup>
    <ClInclude Include="targetver.h">
      <Filter>헤더 파일</Filter>
    </ClInclude>
    <ClInclude Include="resource.h">
      <Filter>헤더 파일</Filter>
    </ClInclude>
    <ClInclude Include="main.h">
      <Filter>헤더 파일</Filter>
    </ClInclude>
    <ClInclude Include="Framework\IndRes\IndRes.h">
      <Filter>Framework\IndRes</Filter>
    </ClInclude>
    <ClInclude Include="Framework\Timer\Timer.h">
      <Filter>Framework\Timer</Filter>
    </ClInclude>
    <ClInclude Include="pch\stdafx.h">
      <Filter>pch</Filter>
    </ClInclude>
    <ClInclude Include="pch\SystemDefine.h">
      <Filter>pch</Filter>
    </ClInclude>
    <ClInclude Include="pch\inlineFuncs.h">
      <Filter>pch</Filter>
    </ClInclude>
    <ClInclude Include="Scene\Scene.h">
      <Filter>Scene</Filter>
    </ClInclude>
    <ClInclude Include="Camera\Camera.h">
      <Filter>Camera</Filter>
    </ClInclude>
    <ClInclude Include="pch\D2D_Operator.h">
      <Filter>pch</Filter>
    </ClInclude>
    <ClInclude Include="Object\Object.h">
      <Filter>Object</Filter>
    </ClInclude>
    <ClInclude Include="Framework\Framework.h">
      <Filter>Framework</Filter>
    </ClInclude>
    <ClInclude Include="pch\D2DLoadBitmap.h">
      <Filter>pch</Filter>
    </ClInclude>
    <ClInclude Include="Object\Unit\Unit.h">
      <Filter>Object\Unit</Filter>
    </ClInclude>
    <ClInclude Include="Scene\Main\MainScene.h">
      <Filter>Scene\Main</Filter>
    </ClInclude>
    <ClInclude Include="Object\Unit\Player\Player.h">
      <Filter>Object\Unit\Player</Filter>
    </ClInclude>
    <ClInclude Include="Object\Brick\Brick.h">
      <Filter>Object\Brick</Filter>
    </ClInclude>
    <ClInclude Include="Framework\Client\Client.h">
      <Filter>Framework\Client</Filter>
    </ClInclude>
    <ClInclude Include="Object\Projectile\Projectile.h">
      <Filter>Object\Projectile</Filter>
    </ClInclude>
    <ClInclude Include="Framework\ResourceManager\ResourceManager.h">
      <Filter>Framework\ResourceManager</Filter>
    </ClInclude>
    <ClInclude Include="Object\Projectile\Grenade\Grenade.h">
      <Filter>Object\Projectile\Grenade</Filter>
    </ClInclude>
    <ClInclude Include="Object\Effect\Effect.h">
      <Filter>Object\Effect</Filter>
    </ClInclude>
    <ClInclude Include="pch\NGPmsg.h">
      <Filter>pch</Filter>
    </ClInclude>
    <ClInclude Include="Object\Unit\Agent\Agent.h">
      <Filter>Object\Unit\Agent</Filter>
    </ClInclude>
    <ClInclude Include="Object\Unit\Agent\Turret\Turret.h">
      <Filter>Object\Unit\Agent\Turret</Filter>
    </ClInclude>
  </ItemGroup>
  <ItemGroup>
    <ClCompile Include="main.cpp">
      <Filter>소스 파일</Filter>
    </ClCompile>
    <ClCompile Include="Framework\IndRes\IndRes.cpp">
      <Filter>Framework\IndRes</Filter>
    </ClCompile>
    <ClCompile Include="Framework\Timer\Timer.cpp">
      <Filter>Framework\Timer</Filter>
    </ClCompile>
    <ClCompile Include="pch\stdafx.cpp">
      <Filter>pch</Filter>
    </ClCompile>
    <ClCompile Include="Scene\Scene.cpp">
      <Filter>Scene</Filter>
    </ClCompile>
    <ClCompile Include="Camera\Camera.cpp">
      <Filter>Camera</Filter>
    </ClCompile>
    <ClCompile Include="Object\Object.cpp">
      <Filter>Object</Filter>
    </ClCompile>
    <ClCompile Include="Framework\Framework.cpp">
      <Filter>Framework</Filter>
    </ClCompile>
    <ClCompile Include="Object\Unit\Unit.cpp">
      <Filter>Object\Unit</Filter>
    </ClCompile>
    <ClCompile Include="Scene\Main\MainScene.cpp">
      <Filter>Scene\Main</Filter>
    </ClCompile>
    <ClCompile Include="Object\Unit\Player\Player.cpp">
      <Filter>Object\Unit\Player</Filter>
    </ClCompile>
    <ClCompile Include="Object\Brick\Brick.cpp">
      <Filter>Object\Brick</Filter>
    </ClCompile>
    <ClCompile Include="Framework\Client\Client.cpp">
      <Filter>Framework\Client</Filter>
    </ClCompile>
    <ClCompile Include="Object\Projectile\Projectile.cpp">
      <Filter>Object\Projectile</Filter>
    </ClCompile>
    <ClCompile Include="Framework\ResourceManager\ResourceManager.cpp">
      <Filter>Framework\ResourceManager</Filter>
    </ClCompile>
    <ClCompile Include="Object\Projectile\Grenade\Grenade.cpp">
      <Filter>Object\Projectile\Grenade</Filter>
    </ClCompile>
    <ClCompile Include="Object\Effect\Effect.cpp">
      <Filter>Object\Effect</Filter>
    </ClCompile>
    <ClCompile Include="Object\Unit\Agent\Agent.cpp">
      <Filter>Object\Unit\Agent</Filter>
    </ClCompile>
    <ClCompile Include="Object\Unit\Agent\Turret\Turret.cpp">
      <Filter>Object\Unit\Agent\Turret</Filter>
    </ClCompile>
  </ItemGroup>
  <ItemGroup>
    <ResourceCompile Include="main.rc">
      <Filter>리소스 파일</Filter>
    </ResourceCompile>
  </ItemGroup>
  <ItemGroup>
    <Image Include="small.ico">
      <Filter>리소스 파일</Filter>
    </Image>
    <Image Include="main.ico">
      <Filter>리소스 파일</Filter>
    </Image>
  </ItemGroup>
  <ItemGroup>
    <None Include="ClassDiagram.cd" />
  </ItemGroup>
</Project>